
Microsoft Visual Studio Solution File, Format Version 12.00
# Visual Studio Version 17
VisualStudioVersion = 17.2.32616.157
MinimumVisualStudioVersion = 10.0.40219.1
Project("{FAE04EC0-301F-11D3-BF4B-00C04F79EFBC}") = "simpleMusicPlayer", "simpleMusicPlayer\simpleMusicPlayer.csproj", "{264A5149-970F-4FDF-9472-F58F0EEEA696}"
EndProject
Global
	GlobalSection(SolutionConfigurationPlatforms) = preSolution
		Debug|Any CPU = Debug|Any CPU
		Release|Any CPU = Release|Any CPU
	EndGlobalSection
	GlobalSection(ProjectConfigurationPlatforms) = postSolution
		{264A5149-970F-4FDF-9472-F58F0EEEA696}.Debug|Any CPU.ActiveCfg = Debug|Any CPU
		{264A5149-970F-4FDF-9472-F58F0EEEA696}.Debug|Any CPU.Build.0 = Debug|Any CPU
		{264A5149-970F-4FDF-9472-F58F0EEEA696}.Release|Any CPU.ActiveCfg = Release|Any CPU
		{264A5149-970F-4FDF-9472-F58F0EEEA696}.Release|Any CPU.Build.0 = Release|Any CPU
	EndGlobalSection
	GlobalSection(SolutionProperties) = preSolution
		HideSolutionNode = FALSE
	EndGlobalSection
	GlobalSection(ExtensibilityGlobals) = postSolution
		SolutionGuid = {FD5DB004-2F9F-4A07-AEF2-8A6A9AA4B6B0}
	EndGlobalSection
EndGlobal
